// !$*UTF8*$!
{
	archiveVersion = 1;
	classes = {
	};
	objectVersion = 77;
	objects = {

/* Begin PBXBuildFile section */
		6AB1CB232FAEEE40006E0E88 /* AppLovinYandexMobileAdsAdapters in Frameworks */ = {isa = PBXBuildFile; productRef = 6AB1CB222FAEEE40006E0E88 /* AppLovinYandexMobileAdsAdapters */; };
		6AB1CB252FAEEE40006E0E88 /* DigitalTurbineYandexMobileAdsAdapters in Frameworks */ = {isa = PBXBuildFile; productRef = 6AB1CB242FAEEE40006E0E88 /* DigitalTurbineYandexMobileAdsAdapters */; };
		6AB1CB292FAEEE40006E0E88 /* MintegralYandexMobileAdsAdapters in Frameworks */ = {isa = PBXBuildFile; productRef = 6AB1CB282FAEEE40006E0E88 /* MintegralYandexMobileAdsAdapters */; };
		6AB1CB2B2FAEEE40006E0E88 /* MyTargetYandexMobileAdsAdapters in Frameworks */ = {isa = PBXBuildFile; productRef = 6AB1CB2A2FAEEE40006E0E88 /* MyTargetYandexMobileAdsAdapters */; };
		6AB1CB2D2FAEEE40006E0E88 /* VungleYandexMobileAdsAdapters in Frameworks */ = {isa = PBXBuildFile; productRef = 6AB1CB2C2FAEEE40006E0E88 /* VungleYandexMobileAdsAdapters */; };
		6AB1CB2F2FAEEE40006E0E88 /* YandexMobileAds in Frameworks */ = {isa = PBXBuildFile; productRef = 6AB1CB2E2FAEEE40006E0E88 /* YandexMobileAds */; };
		6AB1CB312FAEEE40006E0E88 /* YandexMobileAdsAdMobAdapters in Frameworks */ = {isa = PBXBuildFile; productRef = 6AB1CB302FAEEE40006E0E88 /* YandexMobileAdsAdMobAdapters */; };
		6AB1CB332FAEEE40006E0E88 /* YandexMobileAdsConsentManagement in Frameworks */ = {isa = PBXBuildFile; productRef = 6AB1CB322FAEEE40006E0E88 /* YandexMobileAdsConsentManagement */; };
		6AB1CB352FAEEE40006E0E88 /* YandexMobileAdsInstream in Frameworks */ = {isa = PBXBuildFile; productRef = 6AB1CB342FAEEE40006E0E88 /* YandexMobileAdsInstream */; };
		6AB1CB372FAEEE40006E0E88 /* YandexMobileAdsMediation in Frameworks */ = {isa = PBXBuildFile; productRef = 6AB1CB362FAEEE40006E0E88 /* YandexMobileAdsMediation */; };
		6AB1CB3F2FAEF6D5006E0E88 /* GoogleYandexMobileAdsAdapters in Frameworks */ = {isa = PBXBuildFile; productRef = 6AB1CB3E2FAEF6D5006E0E88 /* GoogleYandexMobileAdsAdapters */; };
/* End PBXBuildFile section */

/* Begin PBXFileReference section */
		4A7F568C8EAE4FCAC93FB1CD /* GoService.app */ = {isa = PBXFileReference; explicitFileType = wrapper.application; includeInIndex = 0; path = GoService.app; sourceTree = BUILT_PRODUCTS_DIR; };
/* End PBXFileReference section */

/* Begin PBXFileSystemSynchronizedBuildFileExceptionSet section */
		E32C720B9CDA95115FCAF032 /* Exceptions for "iosApp" folder in "iosApp" target */ = {
			isa = PBXFileSystemSynchronizedBuildFileExceptionSet;
			membershipExceptions = (
				Info.plist,
			);
			target = 07B6B80F6F38C0A3D8C38BBD /* iosApp */;
		};
/* End PBXFileSystemSynchronizedBuildFileExceptionSet section */

/* Begin PBXFileSystemSynchronizedRootGroup section */
		5629B6642571E5409FB14F2B /* Configuration */ = {
			isa = PBXFileSystemSynchronizedRootGroup;
			path = Configuration;
			sourceTree = "<group>";
		};
		768FF3D4760AB1C96E27520B /* iosApp */ = {
			isa = PBXFileSystemSynchronizedRootGroup;
			exceptions = (
				E32C720B9CDA95115FCAF032 /* Exceptions for "iosApp" folder in "iosApp" target */,
			);
			path = iosApp;
			sourceTree = "<group>";
		};
/* End PBXFileSystemSynchronizedRootGroup section */

/* Begin PBXFrameworksBuildPhase section */
		7E20CFF7AF1479C9384D8E20 /* Frameworks */ = {
			isa = PBXFrameworksBuildPhase;
			buildActionMask = 2147483647;
			files = (
				6AB1CB292FAEEE40006E0E88 /* MintegralYandexMobileAdsAdapters in Frameworks */,
				6AB1CB2D2FAEEE40006E0E88 /* VungleYandexMobileAdsAdapters in Frameworks */,
				6AB1CB2B2FAEEE40006E0E88 /* MyTargetYandexMobileAdsAdapters in Frameworks */,
				6AB1CB3F2FAEF6D5006E0E88 /* GoogleYandexMobileAdsAdapters in Frameworks */,
				6AB1CB372FAEEE40006E0E88 /* YandexMobileAdsMediation in Frameworks */,
				6AB1CB332FAEEE40006E0E88 /* YandexMobileAdsConsentManagement in Frameworks */,
				6AB1CB232FAEEE40006E0E88 /* AppLovinYandexMobileAdsAdapters in Frameworks */,
				6AB1CB352FAEEE40006E0E88 /* YandexMobileAdsInstream in Frameworks */,
				6AB1CB312FAEEE40006E0E88 /* YandexMobileAdsAdMobAdapters in Frameworks */,
				6AB1CB2F2FAEEE40006E0E88 /* YandexMobileAds in Frameworks */,
				6AB1CB252FAEEE40006E0E88 /* DigitalTurbineYandexMobileAdsAdapters in Frameworks */,
			);
			runOnlyForDeploymentPostprocessing = 0;
		};
/* End PBXFrameworksBuildPhase section */

/* Begin PBXGroup section */
		51CCD36E40FE738EDC37018D = {
			isa = PBXGroup;
			children = (
				5629B6642571E5409FB14F2B /* Configuration */,
				768FF3D4760AB1C96E27520B /* iosApp */,
				6AB1CB3B2FAEF58E006E0E88 /* Frameworks */,
				737DB9DBD13663E0F316D596 /* Products */,
			);
			sourceTree = "<group>";
		};
		6AB1CB3B2FAEF58E006E0E88 /* Frameworks */ = {
			isa = PBXGroup;
			children = (
			);
			name = Frameworks;
			sourceTree = "<group>";
		};
		737DB9DBD13663E0F316D596 /* Products */ = {
			isa = PBXGroup;
			children = (
				4A7F568C8EAE4FCAC93FB1CD /* GoService.app */,
			);
			name = Products;
			sourceTree = "<group>";
		};
/* End PBXGroup section */

/* Begin PBXNativeTarget section */
		07B6B80F6F38C0A3D8C38BBD /* iosApp */ = {
			isa = PBXNativeTarget;
			buildConfigurationList = CBE1AB0FD1ECCDC0E7866B86 /* Build configuration list for PBXNativeTarget "iosApp" */;
			buildPhases = (
				25A5DA0A0C27EB80392515B9 /* Compile Kotlin Framework */,
				B2EF0B983A4C7C7C3C3F0A43 /* Sources */,
				7E20CFF7AF1479C9384D8E20 /* Frameworks */,
				6AB1CB3A2FAEF411006E0E88 /* Update Yandex SKAdNetwork IDs */,
				E4F555A4B1AE40A174CBEFA1 /* Resources */,
			);
			buildRules = (
			);
			dependencies = (
			);
			fileSystemSynchronizedGroups = (
				768FF3D4760AB1C96E27520B /* iosApp */,
			);
			name = iosApp;
			packageProductDependencies = (
				6AB1CB222FAEEE40006E0E88 /* AppLovinYandexMobileAdsAdapters */,
				6AB1CB242FAEEE40006E0E88 /* DigitalTurbineYandexMobileAdsAdapters */,
				6AB1CB282FAEEE40006E0E88 /* MintegralYandexMobileAdsAdapters */,
				6AB1CB2A2FAEEE40006E0E88 /* MyTargetYandexMobileAdsAdapters */,
				6AB1CB2C2FAEEE40006E0E88 /* VungleYandexMobileAdsAdapters */,
				6AB1CB2E2FAEEE40006E0E88 /* YandexMobileAds */,
				6AB1CB302FAEEE40006E0E88 /* YandexMobileAdsAdMobAdapters */,
				6AB1CB322FAEEE40006E0E88 /* YandexMobileAdsConsentManagement */,
				6AB1CB342FAEEE40006E0E88 /* YandexMobileAdsInstream */,
				6AB1CB362FAEEE40006E0E88 /* YandexMobileAdsMediation */,
				6AB1CB3E2FAEF6D5006E0E88 /* GoogleYandexMobileAdsAdapters */,
			);
			productName = iosApp;
			productReference = 4A7F568C8EAE4FCAC93FB1CD /* GoService.app */;
			productType = "com.apple.product-type.application";
		};
/* End PBXNativeTarget section */

/* Begin PBXProject section */
		16034EEBAC0F0A75E592A842 /* Project object */ = {
			isa = PBXProject;
			attributes = {
				BuildIndependentTargetsInParallel = 1;
				LastSwiftUpdateCheck = 1620;
				LastUpgradeCheck = 2620;
				TargetAttributes = {
					07B6B80F6F38C0A3D8C38BBD = {
						CreatedOnToolsVersion = 16.2;
					};
				};
			};
			buildConfigurationList = 72435E92313D5603CB409D25 /* Build configuration list for PBXProject "iosApp" */;
			developmentRegion = en;
			hasScannedForEncodings = 0;
			knownRegions = (
				en,
				Base,
			);
			mainGroup = 51CCD36E40FE738EDC37018D;
			minimizedProjectReferenceProxies = 1;
			packageReferences = (
				6AB1CB212FAEEE40006E0E88 /* XCRemoteSwiftPackageReference "yandex-ads-sdk-ios" */,
			);
			preferredProjectObjectVersion = 77;
			productRefGroup = 737DB9DBD13663E0F316D596 /* Products */;
			projectDirPath = "";
			projectRoot = "";
			targets = (
				07B6B80F6F38C0A3D8C38BBD /* iosApp */,
			);
		};
/* End PBXProject section */

/* Begin PBXResourcesBuildPhase section */
		E4F555A4B1AE40A174CBEFA1 /* Resources */ = {
			isa = PBXResourcesBuildPhase;
			buildActionMask = 2147483647;
			files = (
			);
			runOnlyForDeploymentPostprocessing = 0;
		};
/* End PBXResourcesBuildPhase section */

/* Begin PBXShellScriptBuildPhase section */
		25A5DA0A0C27EB80392515B9 /* Compile Kotlin Framework */ = {
			isa = PBXShellScriptBuildPhase;
			alwaysOutOfDate = 1;
			buildActionMask = 2147483647;
			files = (
			);
			inputFileListPaths = (
			);
			inputPaths = (
			);
			name = "Compile Kotlin Framework";
			outputFileListPaths = (
			);
			outputPaths = (
			);
			runOnlyForDeploymentPostprocessing = 0;
			shellPath = /bin/sh;
			shellScript = "export JAVA_HOME=/Applications/Android\\ Studio.app/Contents/jbr/Contents/Home/\nexport JDK_HOME=/Applications/Android\\ Studio.app/Contents/jbr/Contents/\n\n\nif [ \"YES\" = \"$OVERRIDE_KOTLIN_BUILD_IDE_SUPPORTED\" ]; then\n  echo \"Skipping Gradle build task invocation due to OVERRIDE_KOTLIN_BUILD_IDE_SUPPORTED environment variable set to \\\"YES\\\"\"\n  exit 0\nfi\ncd \"$SRCROOT/..\"\n./gradlew :shared:embedAndSignAppleFrameworkForXcode\n";
		};
		6AB1CB3A2FAEF411006E0E88 /* Update Yandex SKAdNetwork IDs */ = {
			isa = PBXShellScriptBuildPhase;
			alwaysOutOfDate = 1;
			buildActionMask = 8;
			files = (
			);
			inputFileListPaths = (
			);
			inputPaths = (
			);
			name = "Update Yandex SKAdNetwork IDs";
			outputFileListPaths = (
			);
			outputPaths = (
			);
			runOnlyForDeploymentPostprocessing = 1;
			shellPath = /bin/sh;
			shellScript = "\"${SRCROOT}/update_skad_ids.sh\"\n";
		};
/* End PBXShellScriptBuildPhase section */

/* Begin PBXSourcesBuildPhase section */
		B2EF0B983A4C7C7C3C3F0A43 /* Sources */ = {
			isa = PBXSourcesBuildPhase;
			buildActionMask = 2147483647;
			files = (
			);
			runOnlyForDeploymentPostprocessing = 0;
		};
/* End PBXSourcesBuildPhase section */

/* Begin XCBuildConfiguration section */
		0D4E63B59BC68CE8AEC85D03 /* Debug */ = {
			isa = XCBuildConfiguration;
			baseConfigurationReferenceAnchor = 5629B6642571E5409FB14F2B /* Configuration */;
			baseConfigurationReferenceRelativePath = Config.xcconfig;
			buildSettings = {
				ALWAYS_SEARCH_USER_PATHS = NO;
				ASSETCATALOG_COMPILER_GENERATE_SWIFT_ASSET_SYMBOL_EXTENSIONS = YES;
				CLANG_ANALYZER_NONNULL = YES;
				CLANG_ANALYZER_NUMBER_OBJECT_CONVERSION = YES_AGGRESSIVE;
				CLANG_CXX_LANGUAGE_STANDARD = "gnu++20";
				CLANG_ENABLE_MODULES = YES;
				CLANG_ENABLE_OBJC_ARC = YES;
				CLANG_ENABLE_OBJC_WEAK = YES;
				CLANG_WARN_BLOCK_CAPTURE_AUTORELEASING = YES;
				CLANG_WARN_BOOL_CONVERSION = YES;
				CLANG_WARN_COMMA = YES;
				CLANG_WARN_CONSTANT_CONVERSION = YES;
				CLANG_WARN_DEPRECATED_OBJC_IMPLEMENTATIONS = YES;
				CLANG_WARN_DIRECT_OBJC_ISA_USAGE = YES_ERROR;
				CLANG_WARN_DOCUMENTATION_COMMENTS = YES;
				CLANG_WARN_EMPTY_BODY = YES;
				CLANG_WARN_ENUM_CONVERSION = YES;
				CLANG_WARN_INFINITE_RECURSION = YES;
				CLANG_WARN_INT_CONVERSION = YES;
				CLANG_WARN_NON_LITERAL_NULL_CONVERSION = YES;
				CLANG_WARN_OBJC_IMPLICIT_RETAIN_SELF = YES;
				CLANG_WARN_OBJC_LITERAL_CONVERSION = YES;
				CLANG_WARN_OBJC_ROOT_CLASS = YES_ERROR;
				CLANG_WARN_QUOTED_INCLUDE_IN_FRAMEWORK_HEADER = YES;
				CLANG_WARN_RANGE_LOOP_ANALYSIS = YES;
				CLANG_WARN_STRICT_PROTOTYPES = YES;
				CLANG_WARN_SUSPICIOUS_MOVE = YES;
				CLANG_WARN_UNGUARDED_AVAILABILITY = YES_AGGRESSIVE;
				CLANG_WARN_UNREACHABLE_CODE = YES;
				CLANG_WARN__DUPLICATE_METHOD_MATCH = YES;
				COPY_PHASE_STRIP = NO;
				DEBUG_INFORMATION_FORMAT = dwarf;
				DEVELOPMENT_TEAM = "${TEAM_ID}";
				ENABLE_STRICT_OBJC_MSGSEND = YES;
				ENABLE_TESTABILITY = YES;
				ENABLE_USER_SCRIPT_SANDBOXING = NO;
				GCC_C_LANGUAGE_STANDARD = gnu17;
				GCC_DYNAMIC_NO_PIC = NO;
				GCC_NO_COMMON_BLOCKS = YES;
				GCC_OPTIMIZATION_LEVEL = 0;
				GCC_PREPROCESSOR_DEFINITIONS = (
					"DEBUG=1",
					"$(inherited)",
				);
				GCC_WARN_64_TO_32_BIT_CONVERSION = YES;
				GCC_WARN_ABOUT_RETURN_TYPE = YES_ERROR;
				GCC_WARN_UNDECLARED_SELECTOR = YES;
				GCC_WARN_UNINITIALIZED_AUTOS = YES_AGGRESSIVE;
				GCC_WARN_UNUSED_FUNCTION = YES;
				GCC_WARN_UNUSED_VARIABLE = YES;
				IPHONEOS_DEPLOYMENT_TARGET = 18.2;
				LOCALIZATION_PREFERS_STRING_CATALOGS = YES;
				MTL_ENABLE_DEBUG_INFO = INCLUDE_SOURCE;
				MTL_FAST_MATH = YES;
				ONLY_ACTIVE_ARCH = YES;
				OTHER_LDFLAGS = "-ObjC";
				SDKROOT = iphoneos;
				STRING_CATALOG_GENERATE_SYMBOLS = YES;
				SWIFT_ACTIVE_COMPILATION_CONDITIONS = "DEBUG $(inherited)";
				SWIFT_OPTIMIZATION_LEVEL = "-Onone";
			};
			name = Debug;
		};
		3C54DC1D6F46960F92DF1C43 /* Debug */ = {
			isa = XCBuildConfiguration;
			buildSettings = {
				ASSETCATALOG_COMPILER_APPICON_NAME = AppIcon;
				ASSETCATALOG_COMPILER_GLOBAL_ACCENT_COLOR_NAME = AccentColor;
				CODE_SIGN_IDENTITY = "Apple Development";
				CODE_SIGN_STYLE = Automatic;
				DEVELOPMENT_ASSET_PATHS = "\"iosApp/Preview Content\"";
				DEVELOPMENT_TEAM = 68R77L7WB2;
				ENABLE_PREVIEWS = YES;
				GENERATE_INFOPLIST_FILE = YES;
				INFOPLIST_FILE = iosApp/Info.plist;
				INFOPLIST_KEY_LSApplicationCategoryType = "public.app-category.lifestyle";
				INFOPLIST_KEY_UIApplicationSceneManifest_Generation = YES;
				INFOPLIST_KEY_UIApplicationSupportsIndirectInputEvents = YES;
				INFOPLIST_KEY_UILaunchStoryboardName = LaunchScreen;
				INFOPLIST_KEY_UISupportedInterfaceOrientations_iPad = "UIInterfaceOrientationPortrait UIInterfaceOrientationPortraitUpsideDown UIInterfaceOrientationLandscapeLeft UIInterfaceOrientationLandscapeRight";
				INFOPLIST_KEY_UISupportedInterfaceOrientations_iPhone = "UIInterfaceOrientationPortrait UIInterfaceOrientationLandscapeLeft UIInterfaceOrientationLandscapeRight";
				INFOPLIST_KEY_UIUserInterfaceStyle = "";
				JAVA_HOME = /opt/homebrew/opt/openjdk;
				LD_RUNPATH_SEARCH_PATHS = (
					"$(inherited)",
					"@executable_path/Frameworks",
				);
				SWIFT_EMIT_LOC_STRINGS = YES;
				SWIFT_VERSION = 5.0;
				TARGETED_DEVICE_FAMILY = "1,2";
			};
			name = Debug;
		};
		5419F275611FB3F5DDADC0D1 /* Release */ = {
			isa = XCBuildConfiguration;
			baseConfigurationReferenceAnchor = 5629B6642571E5409FB14F2B /* Configuration */;
			baseConfigurationReferenceRelativePath = Config.xcconfig;
			buildSettings = {
				ALWAYS_SEARCH_USER_PATHS = NO;
				ASSETCATALOG_COMPILER_GENERATE_SWIFT_ASSET_SYMBOL_EXTENSIONS = YES;
				CLANG_ANALYZER_NONNULL = YES;
				CLANG_ANALYZER_NUMBER_OBJECT_CONVERSION = YES_AGGRESSIVE;
				CLANG_CXX_LANGUAGE_STANDARD = "gnu++20";
				CLANG_ENABLE_MODULES = YES;
				CLANG_ENABLE_OBJC_ARC = YES;
				CLANG_ENABLE_OBJC_WEAK = YES;
				CLANG_WARN_BLOCK_CAPTURE_AUTORELEASING = YES;
				CLANG_WARN_BOOL_CONVERSION = YES;
				CLANG_WARN_COMMA = YES;
				CLANG_WARN_CONSTANT_CONVERSION = YES;
				CLANG_WARN_DEPRECATED_OBJC_IMPLEMENTATIONS = YES;
				CLANG_WARN_DIRECT_OBJC_ISA_USAGE = YES_ERROR;
				CLANG_WARN_DOCUMENTATION_COMMENTS = YES;
				CLANG_WARN_EMPTY_BODY = YES;
				CLANG_WARN_ENUM_CONVERSION = YES;
				CLANG_WARN_INFINITE_RECURSION = YES;
				CLANG_WARN_INT_CONVERSION = YES;
				CLANG_WARN_NON_LITERAL_NULL_CONVERSION = YES;
				CLANG_WARN_OBJC_IMPLICIT_RETAIN_SELF = YES;
				CLANG_WARN_OBJC_LITERAL_CONVERSION = YES;
				CLANG_WARN_OBJC_ROOT_CLASS = YES_ERROR;
				CLANG_WARN_QUOTED_INCLUDE_IN_FRAMEWORK_HEADER = YES;
				CLANG_WARN_RANGE_LOOP_ANALYSIS = YES;
				CLANG_WARN_STRICT_PROTOTYPES = YES;
				CLANG_WARN_SUSPICIOUS_MOVE = YES;
				CLANG_WARN_UNGUARDED_AVAILABILITY = YES_AGGRESSIVE;
				CLANG_WARN_UNREACHABLE_CODE = YES;
				CLANG_WARN__DUPLICATE_METHOD_MATCH = YES;
				COPY_PHASE_STRIP = NO;
				DEBUG_INFORMATION_FORMAT = "dwarf-with-dsym";
				DEVELOPMENT_TEAM = "${TEAM_ID}";
				ENABLE_NS_ASSERTIONS = NO;
				ENABLE_STRICT_OBJC_MSGSEND = YES;
				ENABLE_USER_SCRIPT_SANDBOXING = NO;
				GCC_C_LANGUAGE_STANDARD = gnu17;
				GCC_NO_COMMON_BLOCKS = YES;
				GCC_WARN_64_TO_32_BIT_CONVERSION = YES;
				GCC_WARN_ABOUT_RETURN_TYPE = YES_ERROR;
				GCC_WARN_UNDECLARED_SELECTOR = YES;
				GCC_WARN_UNINITIALIZED_AUTOS = YES_AGGRESSIVE;
				GCC_WARN_UNUSED_FUNCTION = YES;
				GCC_WARN_UNUSED_VARIABLE = YES;
				IPHONEOS_DEPLOYMENT_TARGET = 18.2;
				LOCALIZATION_PREFERS_STRING_CATALOGS = YES;
				MTL_ENABLE_DEBUG_INFO = NO;
				MTL_FAST_MATH = YES;
				OTHER_LDFLAGS = "-ObjC";
				SDKROOT = iphoneos;
				STRING_CATALOG_GENERATE_SYMBOLS = YES;
				SWIFT_COMPILATION_MODE = wholemodule;
				VALIDATE_PRODUCT = YES;
			};
			name = Release;
		};
		CBA457BB7DFC005999E54732 /* Release */ = {
			isa = XCBuildConfiguration;
			buildSettings = {
				ASSETCATALOG_COMPILER_APPICON_NAME = AppIcon;
				ASSETCATALOG_COMPILER_GLOBAL_ACCENT_COLOR_NAME = AccentColor;
				CODE_SIGN_IDENTITY = "Apple Development";
				CODE_SIGN_STYLE = Automatic;
				DEVELOPMENT_ASSET_PATHS = "\"iosApp/Preview Content\"";
				DEVELOPMENT_TEAM = 68R77L7WB2;
				ENABLE_PREVIEWS = YES;
				GENERATE_INFOPLIST_FILE = YES;
				INFOPLIST_FILE = iosApp/Info.plist;
				INFOPLIST_KEY_LSApplicationCategoryType = "public.app-category.lifestyle";
				INFOPLIST_KEY_UIApplicationSceneManifest_Generation = YES;
				INFOPLIST_KEY_UIApplicationSupportsIndirectInputEvents = YES;
				INFOPLIST_KEY_UILaunchStoryboardName = LaunchScreen;
				INFOPLIST_KEY_UISupportedInterfaceOrientations_iPad = "UIInterfaceOrientationPortrait UIInterfaceOrientationPortraitUpsideDown UIInterfaceOrientationLandscapeLeft UIInterfaceOrientationLandscapeRight";
				INFOPLIST_KEY_UISupportedInterfaceOrientations_iPhone = "UIInterfaceOrientationPortrait UIInterfaceOrientationLandscapeLeft UIInterfaceOrientationLandscapeRight";
				INFOPLIST_KEY_UIUserInterfaceStyle = "";
				JAVA_HOME = /opt/homebrew/opt/openjdk;
				LD_RUNPATH_SEARCH_PATHS = (
					"$(inherited)",
					"@executable_path/Frameworks",
				);
				SWIFT_EMIT_LOC_STRINGS = YES;
				SWIFT_VERSION = 5.0;
				TARGETED_DEVICE_FAMILY = "1,2";
			};
			name = Release;
		};
/* End XCBuildConfiguration section */

/* Begin XCConfigurationList section */
		72435E92313D5603CB409D25 /* Build configuration list for PBXProject "iosApp" */ = {
			isa = XCConfigurationList;
			buildConfigurations = (
				0D4E63B59BC68CE8AEC85D03 /* Debug */,
				5419F275611FB3F5DDADC0D1 /* Release */,
			);
			defaultConfigurationIsVisible = 0;
			defaultConfigurationName = Release;
		};
		CBE1AB0FD1ECCDC0E7866B86 /* Build configuration list for PBXNativeTarget "iosApp" */ = {
			isa = XCConfigurationList;
			buildConfigurations = (
				3C54DC1D6F46960F92DF1C43 /* Debug */,
				CBA457BB7DFC005999E54732 /* Release */,
			);
			defaultConfigurationIsVisible = 0;
			defaultConfigurationName = Release;
		};
/* End XCConfigurationList section */

/* Begin XCRemoteSwiftPackageReference section */
		6AB1CB212FAEEE40006E0E88 /* XCRemoteSwiftPackageReference "yandex-ads-sdk-ios" */ = {
			isa = XCRemoteSwiftPackageReference;
			repositoryURL = "https://github.com/yandexmobile/yandex-ads-sdk-ios";
			requirement = {
				kind = upToNextMajorVersion;
				minimumVersion = 8.0.0;
			};
		};
/* End XCRemoteSwiftPackageReference section */

/* Begin XCSwiftPackageProductDependency section */
		6AB1CB222FAEEE40006E0E88 /* AppLovinYandexMobileAdsAdapters */ = {
			isa = XCSwiftPackageProductDependency;
			package = 6AB1CB212FAEEE40006E0E88 /* XCRemoteSwiftPackageReference "yandex-ads-sdk-ios" */;
			productName = AppLovinYandexMobileAdsAdapters;
		};
		6AB1CB242FAEEE40006E0E88 /* DigitalTurbineYandexMobileAdsAdapters */ = {
			isa = XCSwiftPackageProductDependency;
			package = 6AB1CB212FAEEE40006E0E88 /* XCRemoteSwiftPackageReference "yandex-ads-sdk-ios" */;
			productName = DigitalTurbineYandexMobileAdsAdapters;
		};
		6AB1CB282FAEEE40006E0E88 /* MintegralYandexMobileAdsAdapters */ = {
			isa = XCSwiftPackageProductDependency;
			package = 6AB1CB212FAEEE40006E0E88 /* XCRemoteSwiftPackageReference "yandex-ads-sdk-ios" */;
			productName = MintegralYandexMobileAdsAdapters;
		};
		6AB1CB2A2FAEEE40006E0E88 /* MyTargetYandexMobileAdsAdapters */ = {
			isa = XCSwiftPackageProductDependency;
			package = 6AB1CB212FAEEE40006E0E88 /* XCRemoteSwiftPackageReference "yandex-ads-sdk-ios" */;
			productName = MyTargetYandexMobileAdsAdapters;
		};
		6AB1CB2C2FAEEE40006E0E88 /* VungleYandexMobileAdsAdapters */ = {
			isa = XCSwiftPackageProductDependency;
			package = 6AB1CB212FAEEE40006E0E88 /* XCRemoteSwiftPackageReference "yandex-ads-sdk-ios" */;
			productName = VungleYandexMobileAdsAdapters;
		};
		6AB1CB2E2FAEEE40006E0E88 /* YandexMobileAds */ = {
			isa = XCSwiftPackageProductDependency;
			package = 6AB1CB212FAEEE40006E0E88 /* XCRemoteSwiftPackageReference "yandex-ads-sdk-ios" */;
			productName = YandexMobileAds;
		};
		6AB1CB302FAEEE40006E0E88 /* YandexMobileAdsAdMobAdapters */ = {
			isa = XCSwiftPackageProductDependency;
			package = 6AB1CB212FAEEE40006E0E88 /* XCRemoteSwiftPackageReference "yandex-ads-sdk-ios" */;
			productName = YandexMobileAdsAdMobAdapters;
		};
		6AB1CB322FAEEE40006E0E88 /* YandexMobileAdsConsentManagement */ = {
			isa = XCSwiftPackageProductDependency;
			package = 6AB1CB212FAEEE40006E0E88 /* XCRemoteSwiftPackageReference "yandex-ads-sdk-ios" */;
			productName = YandexMobileAdsConsentManagement;
		};
		6AB1CB342FAEEE40006E0E88 /* YandexMobileAdsInstream */ = {
			isa = XCSwiftPackageProductDependency;
			package = 6AB1CB212FAEEE40006E0E88 /* XCRemoteSwiftPackageReference "yandex-ads-sdk-ios" */;
			productName = YandexMobileAdsInstream;
		};
		6AB1CB362FAEEE40006E0E88 /* YandexMobileAdsMediation */ = {
			isa = XCSwiftPackageProductDependency;
			package = 6AB1CB212FAEEE40006E0E88 /* XCRemoteSwiftPackageReference "yandex-ads-sdk-ios" */;
			productName = YandexMobileAdsMediation;
		};
		6AB1CB3E2FAEF6D5006E0E88 /* GoogleYandexMobileAdsAdapters */ = {
			isa = XCSwiftPackageProductDependency;
			package = 6AB1CB212FAEEE40006E0E88 /* XCRemoteSwiftPackageReference "yandex-ads-sdk-ios" */;
			productName = GoogleYandexMobileAdsAdapters;
		};
/* End XCSwiftPackageProductDependency section */
	};
	rootObject = 16034EEBAC0F0A75E592A842 /* Project object */;
}
